// !$*UTF8*$!
{
	archiveVersion = 1;
	classes = {
	};
	objectVersion = 77;
	objects = {

/* Begin PBXBuildFile section */
		28774D9D0EDE559F0F2C2CF1 /* Assets.xcassets in Resources */ = {isa = PBXBuildFile; fileRef = C58CE58E6B1EF7F69F2209ED /* Assets.xcassets */; };
		9C05264088E598FCAC8E2579 /* PlaceholderTests.swift in Sources */ = {isa = PBXBuildFile; fileRef = 7C1FA115DCA7679BDAA7781C /* PlaceholderTests.swift */; };
		CE6043988BF08494C558F41D /* qr2faApp.swift in Sources */ = {isa = PBXBuildFile; fileRef = 8E3780EDA60632058320D35C /* qr2faApp.swift */; };
/* End PBXBuildFile section */

/* Begin PBXContainerItemProxy section */
		F8CA4FAAE0B4B0B73BA3DB6F /* PBXContainerItemProxy */ = {
			isa = PBXContainerItemProxy;
			containerPortal = 12D4644BFCB7DDD5BC62D21F /* Project object */;
			proxyType = 1;
			remoteGlobalIDString = F2D8D745EEA2AEEC28718514;
			remoteInfo = qr2fa;
		};
/* End PBXContainerItemProxy section */

/* Begin PBXFileReference section */
		0069582156C606024B9B7962 /* qr2fa.entitlements */ = {isa = PBXFileReference; lastKnownFileType = text.plist.entitlements; path = qr2fa.entitlements; sourceTree = "<group>"; };
		4F4651FD4AF46A8B228B1D51 /* qr2fa.app */ = {isa = PBXFileReference; explicitFileType = wrapper.application; includeInIndex = 0; path = qr2fa.app; sourceTree = BUILT_PRODUCTS_DIR; };
		7C1FA115DCA7679BDAA7781C /* PlaceholderTests.swift */ = {isa = PBXFileReference; lastKnownFileType = sourcecode.swift; path = PlaceholderTests.swift; sourceTree = "<group>"; };
		8E3780EDA60632058320D35C /* qr2faApp.swift */ = {isa = PBXFileReference; lastKnownFileType = sourcecode.swift; path = qr2faApp.swift; sourceTree = "<group>"; };
		C58CE58E6B1EF7F69F2209ED /* Assets.xcassets */ = {isa = PBXFileReference; lastKnownFileType = folder.assetcatalog; path = Assets.xcassets; sourceTree = "<group>"; };
		F0C7D43B89861E28DBD9C096 /* Info.plist */ = {isa = PBXFileReference; lastKnownFileType = text.plist; path = Info.plist; sourceTree = "<group>"; };
		FFDD44328F364C39D1148364 /* qr2faTests.xctest */ = {isa = PBXFileReference; explicitFileType = wrapper.cfbundle; includeInIndex = 0; path = qr2faTests.xctest; sourceTree = BUILT_PRODUCTS_DIR; };
/* End PBXFileReference section */

/* Begin PBXGroup section */
		2D1030A84805D0B7659D05D9 = {
			isa = PBXGroup;
			children = (
				DF39E8F3C59BAAA8D803CA0E /* qr2fa */,
				61EA82ED013B6B13DCC7B9B5 /* qr2faTests */,
				B8DD0B5CD5CBBFA7A2CF3B13 /* Products */,
			);
			sourceTree = "<group>";
		};
		61EA82ED013B6B13DCC7B9B5 /* qr2faTests */ = {
			isa = PBXGroup;
			children = (
				7C1FA115DCA7679BDAA7781C /* PlaceholderTests.swift */,
			);
			path = qr2faTests;
			sourceTree = "<group>";
		};
		B8DD0B5CD5CBBFA7A2CF3B13 /* Products */ = {
			isa = PBXGroup;
			children = (
				4F4651FD4AF46A8B228B1D51 /* qr2fa.app */,
				FFDD44328F364C39D1148364 /* qr2faTests.xctest */,
			);
			name = Products;
			sourceTree = "<group>";
		};
		DF39E8F3C59BAAA8D803CA0E /* qr2fa */ = {
			isa = PBXGroup;
			children = (
				E2F7EC5C946E8CEC87FBE43A /* App */,
				C58CE58E6B1EF7F69F2209ED /* Assets.xcassets */,
				F0C7D43B89861E28DBD9C096 /* Info.plist */,
				0069582156C606024B9B7962 /* qr2fa.entitlements */,
			);
			path = qr2fa;
			sourceTree = "<group>";
		};
		E2F7EC5C946E8CEC87FBE43A /* App */ = {
			isa = PBXGroup;
			children = (
				8E3780EDA60632058320D35C /* qr2faApp.swift */,
			);
			path = App;
			sourceTree = "<group>";
		};
/* End PBXGroup section */

/* Begin PBXNativeTarget section */
		BC111111241ABFE31ED6A850 /* qr2faTests */ = {
			isa = PBXNativeTarget;
			buildConfigurationList = 482F79227BDC79BD543C37C2 /* Build configuration list for PBXNativeTarget "qr2faTests" */;
			buildPhases = (
				F469943F1CE26BDA8CE7D47A /* Sources */,
			);
			buildRules = (
			);
			dependencies = (
				C06DAD97CF3DC1906478C5A5 /* PBXTargetDependency */,
			);
			name = qr2faTests;
			packageProductDependencies = (
			);
			productName = qr2faTests;
			productReference = FFDD44328F364C39D1148364 /* qr2faTests.xctest */;
			productType = "com.apple.product-type.bundle.unit-test";
		};
		F2D8D745EEA2AEEC28718514 /* qr2fa */ = {
			isa = PBXNativeTarget;
			buildConfigurationList = DCD3EDE7661CAF96F62FF60E /* Build configuration list for PBXNativeTarget "qr2fa" */;
			buildPhases = (
				F0F266F740A83FBDF1D8F11C /* Sources */,
				E8461D06101DAB44B866DC14 /* Resources */,
			);
			buildRules = (
			);
			dependencies = (
			);
			name = qr2fa;
			packageProductDependencies = (
			);
			productName = qr2fa;
			productReference = 4F4651FD4AF46A8B228B1D51 /* qr2fa.app */;
			productType = "com.apple.product-type.application";
		};
/* End PBXNativeTarget section */

/* Begin PBXProject section */
		12D4644BFCB7DDD5BC62D21F /* Project object */ = {
			isa = PBXProject;
			attributes = {
				BuildIndependentTargetsInParallel = YES;
				LastUpgradeCheck = 1430;
				TargetAttributes = {
				};
			};
			buildConfigurationList = 60BE6853BF991AB211B32067 /* Build configuration list for PBXProject "qr2fa" */;
			developmentRegion = en;
			hasScannedForEncodings = 0;
			knownRegions = (
				Base,
				en,
			);
			mainGroup = 2D1030A84805D0B7659D05D9;
			minimizedProjectReferenceProxies = 1;
			preferredProjectObjectVersion = 77;
			productRefGroup = B8DD0B5CD5CBBFA7A2CF3B13 /* Products */;
			projectDirPath = "";
			projectRoot = "";
			targets = (
				F2D8D745EEA2AEEC28718514 /* qr2fa */,
				BC111111241ABFE31ED6A850 /* qr2faTests */,
			);
		};
/* End PBXProject section */

/* Begin PBXResourcesBuildPhase section */
		E8461D06101DAB44B866DC14 /* Resources */ = {
			isa = PBXResourcesBuildPhase;
			buildActionMask = 2147483647;
			files = (
				28774D9D0EDE559F0F2C2CF1 /* Assets.xcassets in Resources */,
			);
			runOnlyForDeploymentPostprocessing = 0;
		};
/* End PBXResourcesBuildPhase section */

/* Begin PBXSourcesBuildPhase section */
		F0F266F740A83FBDF1D8F11C /* Sources */ = {
			isa = PBXSourcesBuildPhase;
			buildActionMask = 2147483647;
			files = (
				CE6043988BF08494C558F41D /* qr2faApp.swift in Sources */,
			);
			runOnlyForDeploymentPostprocessing = 0;
		};
		F469943F1CE26BDA8CE7D47A /* Sources */ = {
			isa = PBXSourcesBuildPhase;
			buildActionMask = 2147483647;
			files = (
				9C05264088E598FCAC8E2579 /* PlaceholderTests.swift in Sources */,
			);
			runOnlyForDeploymentPostprocessing = 0;
		};
/* End PBXSourcesBuildPhase section */

/* Begin PBXTargetDependency section */
		C06DAD97CF3DC1906478C5A5 /* PBXTargetDependency */ = {
			isa = PBXTargetDependency;
			target = F2D8D745EEA2AEEC28718514 /* qr2fa */;
			targetProxy = F8CA4FAAE0B4B0B73BA3DB6F /* PBXContainerItemProxy */;
		};
/* End PBXTargetDependency section */

/* Begin XCBuildConfiguration section */
		238E7F75BC86BE2DB6099D98 /* Debug */ = {
			isa = XCBuildConfiguration;
			buildSettings = {
				BUNDLE_LOADER = "$(TEST_HOST)";
				CODE_SIGNING_REQUIRED = NO;
				CODE_SIGN_IDENTITY = "";
				COMBINE_HIDPI_IMAGES = YES;
				LD_RUNPATH_SEARCH_PATHS = (
					"$(inherited)",
					"@executable_path/../Frameworks",
					"@loader_path/../Frameworks",
				);
				MACOSX_DEPLOYMENT_TARGET = 14.0;
				PRODUCT_BUNDLE_IDENTIFIER = com.kimmojae.qr2faTests;
				SDKROOT = macosx;
				SWIFT_VERSION = 5.9;
				TEST_HOST = "$(BUILT_PRODUCTS_DIR)/qr2fa.app/Contents/MacOS/qr2fa";
			};
			name = Debug;
		};
		31752F4E9AA9A51B75AEBD5E /* Release */ = {
			isa = XCBuildConfiguration;
			buildSettings = {
				ASSETCATALOG_COMPILER_APPICON_NAME = AppIcon;
				CODE_SIGNING_ALLOWED = NO;
				CODE_SIGNING_REQUIRED = NO;
				CODE_SIGN_ENTITLEMENTS = qr2fa/qr2fa.entitlements;
				CODE_SIGN_IDENTITY = "";
				COMBINE_HIDPI_IMAGES = YES;
				ENABLE_HARDENED_RUNTIME = NO;
				INFOPLIST_FILE = qr2fa/Info.plist;
				LD_RUNPATH_SEARCH_PATHS = (
					"$(inherited)",
					"@executable_path/../Frameworks",
				);
				MACOSX_DEPLOYMENT_TARGET = 14.0;
				PRODUCT_BUNDLE_IDENTIFIER = com.kimmojae.qr2fa;
				SDKROOT = macosx;
				SWIFT_VERSION = 5.9;
			};
			name = Release;
		};
		89C42152D399CE241DC247A8 /* Debug */ = {
			isa = XCBuildConfiguration;
			buildSettings = {
				ALWAYS_SEARCH_USER_PATHS = NO;
				CLANG_ANALYZER_NONNULL = YES;
				CLANG_ANALYZER_NUMBER_OBJECT_CONVERSION = YES_AGGRESSIVE;
				CLANG_CXX_LANGUAGE_STANDARD = "gnu++14";
				CLANG_CXX_LIBRARY = "libc++";
				CLANG_ENABLE_MODULES = YES;
				CLANG_ENABLE_OBJC_ARC = YES;
				CLANG_ENABLE_OBJC_WEAK = YES;
				CLANG_WARN_BLOCK_CAPTURE_AUTORELEASING = YES;
				CLANG_WARN_BOOL_CONVERSION = YES;
				CLANG_WARN_COMMA = YES;
				CLANG_WARN_CONSTANT_CONVERSION = YES;
				CLANG_WARN_DEPRECATED_OBJC_IMPLEMENTATIONS = YES;
				CLANG_WARN_DIRECT_OBJC_ISA_USAGE = YES_ERROR;
				CLANG_WARN_DOCUMENTATION_COMMENTS = YES;
				CLANG_WARN_EMPTY_BODY = YES;
				CLANG_WARN_ENUM_CONVERSION = YES;
				CLANG_WARN_INFINITE_RECURSION = YES;
				CLANG_WARN_INT_CONVERSION = YES;
				CLANG_WARN_NON_LITERAL_NULL_CONVERSION = YES;
				CLANG_WARN_OBJC_IMPLICIT_RETAIN_SELF = YES;
				CLANG_WARN_OBJC_LITERAL_CONVERSION = YES;
				CLANG_WARN_OBJC_ROOT_CLASS = YES_ERROR;
				CLANG_WARN_QUOTED_INCLUDE_IN_FRAMEWORK_HEADER = YES;
				CLANG_WARN_RANGE_LOOP_ANALYSIS = YES;
				CLANG_WARN_STRICT_PROTOTYPES = YES;
				CLANG_WARN_SUSPICIOUS_MOVE = YES;
				CLANG_WARN_UNGUARDED_AVAILABILITY = YES_AGGRESSIVE;
				CLANG_WARN_UNREACHABLE_CODE = YES;
				CLANG_WARN__DUPLICATE_METHOD_MATCH = YES;
				COPY_PHASE_STRIP = NO;
				DEBUG_INFORMATION_FORMAT = dwarf;
				ENABLE_STRICT_OBJC_MSGSEND = YES;
				ENABLE_TESTABILITY = YES;
				GCC_C_LANGUAGE_STANDARD = gnu11;
				GCC_DYNAMIC_NO_PIC = NO;
				GCC_NO_COMMON_BLOCKS = YES;
				GCC_OPTIMIZATION_LEVEL = 0;
				GCC_PREPROCESSOR_DEFINITIONS = (
					"$(inherited)",
					"DEBUG=1",
				);
				GCC_WARN_64_TO_32_BIT_CONVERSION = YES;
				GCC_WARN_ABOUT_RETURN_TYPE = YES_ERROR;
				GCC_WARN_UNDECLARED_SELECTOR = YES;
				GCC_WARN_UNINITIALIZED_AUTOS = YES_AGGRESSIVE;
				GCC_WARN_UNUSED_FUNCTION = YES;
				GCC_WARN_UNUSED_VARIABLE = YES;
				MACOSX_DEPLOYMENT_TARGET = 14.0;
				MTL_ENABLE_DEBUG_INFO = INCLUDE_SOURCE;
				MTL_FAST_MATH = YES;
				ONLY_ACTIVE_ARCH = YES;
				PRODUCT_NAME = "$(TARGET_NAME)";
				SDKROOT = macosx;
				SWIFT_ACTIVE_COMPILATION_CONDITIONS = DEBUG;
				SWIFT_OPTIMIZATION_LEVEL = "-Onone";
				SWIFT_VERSION = 5.0;
			};
			name = Debug;
		};
		9EC3248C8BF07BCA5BF86358 /* Release */ = {
			isa = XCBuildConfiguration;
			buildSettings = {
				ALWAYS_SEARCH_USER_PATHS = NO;
				CLANG_ANALYZER_NONNULL = YES;
				CLANG_ANALYZER_NUMBER_OBJECT_CONVERSION = YES_AGGRESSIVE;
				CLANG_CXX_LANGUAGE_STANDARD = "gnu++14";
				CLANG_CXX_LIBRARY = "libc++";
				CLANG_ENABLE_MODULES = YES;
				CLANG_ENABLE_OBJC_ARC = YES;
				CLANG_ENABLE_OBJC_WEAK = YES;
				CLANG_WARN_BLOCK_CAPTURE_AUTORELEASING = YES;
				CLANG_WARN_BOOL_CONVERSION = YES;
				CLANG_WARN_COMMA = YES;
				CLANG_WARN_CONSTANT_CONVERSION = YES;
				CLANG_WARN_DEPRECATED_OBJC_IMPLEMENTATIONS = YES;
				CLANG_WARN_DIRECT_OBJC_ISA_USAGE = YES_ERROR;
				CLANG_WARN_DOCUMENTATION_COMMENTS = YES;
				CLANG_WARN_EMPTY_BODY = YES;
				CLANG_WARN_ENUM_CONVERSION = YES;
				CLANG_WARN_INFINITE_RECURSION = YES;
				CLANG_WARN_INT_CONVERSION = YES;
				CLANG_WARN_NON_LITERAL_NULL_CONVERSION = YES;
				CLANG_WARN_OBJC_IMPLICIT_RETAIN_SELF = YES;
				CLANG_WARN_OBJC_LITERAL_CONVERSION = YES;
				CLANG_WARN_OBJC_ROOT_CLASS = YES_ERROR;
				CLANG_WARN_QUOTED_INCLUDE_IN_FRAMEWORK_HEADER = YES;
				CLANG_WARN_RANGE_LOOP_ANALYSIS = YES;
				CLANG_WARN_STRICT_PROTOTYPES = YES;
				CLANG_WARN_SUSPICIOUS_MOVE = YES;
				CLANG_WARN_UNGUARDED_AVAILABILITY = YES_AGGRESSIVE;
				CLANG_WARN_UNREACHABLE_CODE = YES;
				CLANG_WARN__DUPLICATE_METHOD_MATCH = YES;
				COPY_PHASE_STRIP = NO;
				DEBUG_INFORMATION_FORMAT = "dwarf-with-dsym";
				ENABLE_NS_ASSERTIONS = NO;
				ENABLE_STRICT_OBJC_MSGSEND = YES;
				GCC_C_LANGUAGE_STANDARD = gnu11;
				GCC_NO_COMMON_BLOCKS = YES;
				GCC_WARN_64_TO_32_BIT_CONVERSION = YES;
				GCC_WARN_ABOUT_RETURN_TYPE = YES_ERROR;
				GCC_WARN_UNDECLARED_SELECTOR = YES;
				GCC_WARN_UNINITIALIZED_AUTOS = YES_AGGRESSIVE;
				GCC_WARN_UNUSED_FUNCTION = YES;
				GCC_WARN_UNUSED_VARIABLE = YES;
				MACOSX_DEPLOYMENT_TARGET = 14.0;
				MTL_ENABLE_DEBUG_INFO = NO;
				MTL_FAST_MATH = YES;
				PRODUCT_NAME = "$(TARGET_NAME)";
				SDKROOT = macosx;
				SWIFT_COMPILATION_MODE = wholemodule;
				SWIFT_OPTIMIZATION_LEVEL = "-O";
				SWIFT_VERSION = 5.0;
			};
			name = Release;
		};
		B06119128FA053BC94EC8485 /* Release */ = {
			isa = XCBuildConfiguration;
			buildSettings = {
				BUNDLE_LOADER = "$(TEST_HOST)";
				CODE_SIGNING_REQUIRED = NO;
				CODE_SIGN_IDENTITY = "";
				COMBINE_HIDPI_IMAGES = YES;
				LD_RUNPATH_SEARCH_PATHS = (
					"$(inherited)",
					"@executable_path/../Frameworks",
					"@loader_path/../Frameworks",
				);
				MACOSX_DEPLOYMENT_TARGET = 14.0;
				PRODUCT_BUNDLE_IDENTIFIER = com.kimmojae.qr2faTests;
				SDKROOT = macosx;
				SWIFT_VERSION = 5.9;
				TEST_HOST = "$(BUILT_PRODUCTS_DIR)/qr2fa.app/Contents/MacOS/qr2fa";
			};
			name = Release;
		};
		E5E249849AC95EA4A6C2154F /* Debug */ = {
			isa = XCBuildConfiguration;
			buildSettings = {
				ASSETCATALOG_COMPILER_APPICON_NAME = AppIcon;
				CODE_SIGNING_ALLOWED = NO;
				CODE_SIGNING_REQUIRED = NO;
				CODE_SIGN_ENTITLEMENTS = qr2fa/qr2fa.entitlements;
				CODE_SIGN_IDENTITY = "";
				COMBINE_HIDPI_IMAGES = YES;
				ENABLE_HARDENED_RUNTIME = NO;
				INFOPLIST_FILE = qr2fa/Info.plist;
				LD_RUNPATH_SEARCH_PATHS = (
					"$(inherited)",
					"@executable_path/../Frameworks",
				);
				MACOSX_DEPLOYMENT_TARGET = 14.0;
				PRODUCT_BUNDLE_IDENTIFIER = com.kimmojae.qr2fa;
				SDKROOT = macosx;
				SWIFT_VERSION = 5.9;
			};
			name = Debug;
		};
/* End XCBuildConfiguration section */

/* Begin XCConfigurationList section */
		482F79227BDC79BD543C37C2 /* Build configuration list for PBXNativeTarget "qr2faTests" */ = {
			isa = XCConfigurationList;
			buildConfigurations = (
				238E7F75BC86BE2DB6099D98 /* Debug */,
				B06119128FA053BC94EC8485 /* Release */,
			);
			defaultConfigurationIsVisible = 0;
			defaultConfigurationName = Debug;
		};
		60BE6853BF991AB211B32067 /* Build configuration list for PBXProject "qr2fa" */ = {
			isa = XCConfigurationList;
			buildConfigurations = (
				89C42152D399CE241DC247A8 /* Debug */,
				9EC3248C8BF07BCA5BF86358 /* Release */,
			);
			defaultConfigurationIsVisible = 0;
			defaultConfigurationName = Debug;
		};
		DCD3EDE7661CAF96F62FF60E /* Build configuration list for PBXNativeTarget "qr2fa" */ = {
			isa = XCConfigurationList;
			buildConfigurations = (
				E5E249849AC95EA4A6C2154F /* Debug */,
				31752F4E9AA9A51B75AEBD5E /* Release */,
			);
			defaultConfigurationIsVisible = 0;
			defaultConfigurationName = Debug;
		};
/* End XCConfigurationList section */
	};
	rootObject = 12D4644BFCB7DDD5BC62D21F /* Project object */;
}
